
Microsoft Visual Studio Solution File, Format Version 12.00
# Visual Studio Version 17
VisualStudioVersion = 17.8.34511.84
MinimumVisualStudioVersion = 10.0.40219.1
Project("{FAE04EC0-301F-11D3-BF4B-00C04F79EFBC}") = "webapp01", "webapp01.csproj", "{32FA3D47-0144-4DDF-B461-56401D15561A}"
EndProject
Global
	GlobalSection(SolutionConfigurationPlatforms) = preSolution
		Debug|Any CPU = Debug|Any CPU
		Release|Any CPU = Release|Any CPU
	EndGlobalSection
	GlobalSection(ProjectConfigurationPlatforms) = postSolution
		{32FA3D47-0144-4DDF-B461-56401D15561A}.Debug|Any CPU.ActiveCfg = Debug|Any CPU
		{32FA3D47-0144-4DDF-B461-56401D15561A}.Debug|Any CPU.Build.0 = Debug|Any CPU
		{32FA3D47-0144-4DDF-B461-56401D15561A}.Release|Any CPU.ActiveCfg = Release|Any CPU
		{32FA3D47-0144-4DDF-B461-56401D15561A}.Release|Any CPU.Build.0 = Release|Any CPU
	EndGlobalSection
	GlobalSection(SolutionProperties) = preSolution
		HideSolutionNode = FALSE
	EndGlobalSection
	GlobalSection(ExtensibilityGlobals) = postSolution
		SolutionGuid = {54D4E680-E1DB-4652-A4AA-60716631EDA6}
	EndGlobalSection
EndGlobal
